
Microsoft Visual Studio Solution File, Format Version 12.00
# Visual Studio Version 17
VisualStudioVersion = 17.3.32929.385
MinimumVisualStudioVersion = 10.0.40219.1
Project("{9A19103F-16F7-4668-BE54-9A1E7A4F7556}") = "AdventOfCode2022", "AdventOfCode2022.csproj", "{B2195E30-72FC-4E2B-BD31-A568315D4C8D}"
EndProject
Project("{9A19103F-16F7-4668-BE54-9A1E7A4F7556}") = "Day1.1", "Day1.1\Day1.1.csproj", "{30597E5A-6DFE-435A-AED4-36D41FB58F73}"
EndProject
Project("{9A19103F-16F7-4668-BE54-9A1E7A4F7556}") = "Day1.2", "Day1.2\Day1.2.csproj", "{17EA8E72-BF27-429D-A65A-F05CDE6FC8C4}"
EndProject
Project("{9A19103F-16F7-4668-BE54-9A1E7A4F7556}") = "Day2", "Day2\Day2.csproj", "{7E2FD0E8-9C1F-4FA5-94FB-1A6FDD1DC76D}"
EndProject
Project("{9A19103F-16F7-4668-BE54-9A1E7A4F7556}") = "Day3", "Day3\Day3.csproj", "{9141B2C7-194D-4578-AD4E-5820FE6C02F5}"
EndProject
Project("{9A19103F-16F7-4668-BE54-9A1E7A4F7556}") = "Day4", "Day4\Day4.csproj", "{C3BC29AB-DFF7-4871-9B96-46BD185CE375}"
EndProject
Project("{9A19103F-16F7-4668-BE54-9A1E7A4F7556}") = "Day5", "Day5\Day5.csproj", "{5F94CD7F-5E6A-4302-8BC6-AFD6CAEF6A2E}"
EndProject
Project("{9A19103F-16F7-4668-BE54-9A1E7A4F7556}") = "Day6", "Day6\Day6.csproj", "{C9A47D33-E3AA-4A7A-B5BE-6B02DC20C302}"
EndProject
Project("{9A19103F-16F7-4668-BE54-9A1E7A4F7556}") = "Day7", "Day7\Day7.csproj", "{4CF4CBCA-7638-4ABE-AF04-4FE3D2FEC03B}"
EndProject
Project("{FAE04EC0-301F-11D3-BF4B-00C04F79EFBC}") = "Day8", "Day8\Day8.csproj", "{8C6CE841-0EF6-48E5-9C39-45D357446599}"
EndProject
Global
	GlobalSection(SolutionConfigurationPlatforms) = preSolution
		Debug|Any CPU = Debug|Any CPU
		Release|Any CPU = Release|Any CPU
	EndGlobalSection
	GlobalSection(ProjectConfigurationPlatforms) = postSolution
		{B2195E30-72FC-4E2B-BD31-A568315D4C8D}.Debug|Any CPU.ActiveCfg = Debug|Any CPU
		{B2195E30-72FC-4E2B-BD31-A568315D4C8D}.Debug|Any CPU.Build.0 = Debug|Any CPU
		{B2195E30-72FC-4E2B-BD31-A568315D4C8D}.Release|Any CPU.ActiveCfg = Release|Any CPU
		{B2195E30-72FC-4E2B-BD31-A568315D4C8D}.Release|Any CPU.Build.0 = Release|Any CPU
		{30597E5A-6DFE-435A-AED4-36D41FB58F73}.Debug|Any CPU.ActiveCfg = Debug|Any CPU
		{30597E5A-6DFE-435A-AED4-36D41FB58F73}.Debug|Any CPU.Build.0 = Debug|Any CPU
		{30597E5A-6DFE-435A-AED4-36D41FB58F73}.Release|Any CPU.ActiveCfg = Release|Any CPU
		{30597E5A-6DFE-435A-AED4-36D41FB58F73}.Release|Any CPU.Build.0 = Release|Any CPU
		{17EA8E72-BF27-429D-A65A-F05CDE6FC8C4}.Debug|Any CPU.ActiveCfg = Debug|Any CPU
		{17EA8E72-BF27-429D-A65A-F05CDE6FC8C4}.Debug|Any CPU.Build.0 = Debug|Any CPU
		{17EA8E72-BF27-429D-A65A-F05CDE6FC8C4}.Release|Any CPU.ActiveCfg = Release|Any CPU
		{17EA8E72-BF27-429D-A65A-F05CDE6FC8C4}.Release|Any CPU.Build.0 = Release|Any CPU
		{7E2FD0E8-9C1F-4FA5-94FB-1A6FDD1DC76D}.Debug|Any CPU.ActiveCfg = Debug|Any CPU
		{7E2FD0E8-9C1F-4FA5-94FB-1A6FDD1DC76D}.Debug|Any CPU.Build.0 = Debug|Any CPU
		{7E2FD0E8-9C1F-4FA5-94FB-1A6FDD1DC76D}.Release|Any CPU.ActiveCfg = Release|Any CPU
		{7E2FD0E8-9C1F-4FA5-94FB-1A6FDD1DC76D}.Release|Any CPU.Build.0 = Release|Any CPU
		{9141B2C7-194D-4578-AD4E-5820FE6C02F5}.Debug|Any CPU.ActiveCfg = Debug|Any CPU
		{9141B2C7-194D-4578-AD4E-5820FE6C02F5}.Debug|Any CPU.Build.0 = Debug|Any CPU
		{9141B2C7-194D-4578-AD4E-5820FE6C02F5}.Release|Any CPU.ActiveCfg = Release|Any CPU
		{9141B2C7-194D-4578-AD4E-5820FE6C02F5}.Release|Any CPU.Build.0 = Release|Any CPU
		{C3BC29AB-DFF7-4871-9B96-46BD185CE375}.Debug|Any CPU.ActiveCfg = Debug|Any CPU
		{C3BC29AB-DFF7-4871-9B96-46BD185CE375}.Debug|Any CPU.Build.0 = Debug|Any CPU
		{C3BC29AB-DFF7-4871-9B96-46BD185CE375}.Release|Any CPU.ActiveCfg = Release|Any CPU
		{C3BC29AB-DFF7-4871-9B96-46BD185CE375}.Release|Any CPU.Build.0 = Release|Any CPU
		{5F94CD7F-5E6A-4302-8BC6-AFD6CAEF6A2E}.Debug|Any CPU.ActiveCfg = Debug|Any CPU
		{5F94CD7F-5E6A-4302-8BC6-AFD6CAEF6A2E}.Debug|Any CPU.Build.0 = Debug|Any CPU
		{5F94CD7F-5E6A-4302-8BC6-AFD6CAEF6A2E}.Release|Any CPU.ActiveCfg = Release|Any CPU
		{5F94CD7F-5E6A-4302-8BC6-AFD6CAEF6A2E}.Release|Any CPU.Build.0 = Release|Any CPU
		{C9A47D33-E3AA-4A7A-B5BE-6B02DC20C302}.Debug|Any CPU.ActiveCfg = Debug|Any CPU
		{C9A47D33-E3AA-4A7A-B5BE-6B02DC20C302}.Debug|Any CPU.Build.0 = Debug|Any CPU
		{C9A47D33-E3AA-4A7A-B5BE-6B02DC20C302}.Release|Any CPU.ActiveCfg = Release|Any CPU
		{C9A47D33-E3AA-4A7A-B5BE-6B02DC20C302}.Release|Any CPU.Build.0 = Release|Any CPU
		{4CF4CBCA-7638-4ABE-AF04-4FE3D2FEC03B}.Debug|Any CPU.ActiveCfg = Debug|Any CPU
		{4CF4CBCA-7638-4ABE-AF04-4FE3D2FEC03B}.Debug|Any CPU.Build.0 = Debug|Any CPU
		{4CF4CBCA-7638-4ABE-AF04-4FE3D2FEC03B}.Release|Any CPU.ActiveCfg = Release|Any CPU
		{4CF4CBCA-7638-4ABE-AF04-4FE3D2FEC03B}.Release|Any CPU.Build.0 = Release|Any CPU
		{8C6CE841-0EF6-48E5-9C39-45D357446599}.Debug|Any CPU.ActiveCfg = Debug|Any CPU
		{8C6CE841-0EF6-48E5-9C39-45D357446599}.Debug|Any CPU.Build.0 = Debug|Any CPU
		{8C6CE841-0EF6-48E5-9C39-45D357446599}.Release|Any CPU.ActiveCfg = Release|Any CPU
		{8C6CE841-0EF6-48E5-9C39-45D357446599}.Release|Any CPU.Build.0 = Release|Any CPU
	EndGlobalSection
	GlobalSection(SolutionProperties) = preSolution
		HideSolutionNode = FALSE
	EndGlobalSection
	GlobalSection(ExtensibilityGlobals) = postSolution
		SolutionGuid = {A1E9DE76-6853-4E59-92A4-7B64DB5BB393}
	EndGlobalSection
EndGlobal
